
Microsoft Visual Studio Solution File, Format Version 12.00
# Visual Studio Version 16
VisualStudioVersion = 16.0.30523.141
MinimumVisualStudioVersion = 10.0.40219.1
Project("{FAE04EC0-301F-11D3-BF4B-00C04F79EFBC}") = "arhivator", "arhivator\arhivator.csproj", "{649D506C-4FD9-4D66-848E-9455CF6E6F4A}"
EndProject
Global
	GlobalSection(SolutionConfigurationPlatforms) = preSolution
		Debug|Any CPU = Debug|Any CPU
		Release|Any CPU = Release|Any CPU
	EndGlobalSection
	GlobalSection(ProjectConfigurationPlatforms) = postSolution
		{649D506C-4FD9-4D66-848E-9455CF6E6F4A}.Debug|Any CPU.ActiveCfg = Debug|Any CPU
		{649D506C-4FD9-4D66-848E-9455CF6E6F4A}.Debug|Any CPU.Build.0 = Debug|Any CPU
		{649D506C-4FD9-4D66-848E-9455CF6E6F4A}.Release|Any CPU.ActiveCfg = Release|Any CPU
		{649D506C-4FD9-4D66-848E-9455CF6E6F4A}.Release|Any CPU.Build.0 = Release|Any CPU
	EndGlobalSection
	GlobalSection(SolutionProperties) = preSolution
		HideSolutionNode = FALSE
	EndGlobalSection
	GlobalSection(ExtensibilityGlobals) = postSolution
		SolutionGuid = {C00CD46D-FB33-4722-9A96-9F57274F93A9}
	EndGlobalSection
EndGlobal
